
Microsoft Visual Studio Solution File, Format Version 12.00
# Visual Studio Version 17
VisualStudioVersion = 17.7.34031.279
MinimumVisualStudioVersion = 15.0.26124.0
Project("{9A19103F-16F7-4668-BE54-9A1E7A4F7556}") = "Talking.Api", "api\Talking.Api.csproj", "{29F9821E-828D-4BD3-ADC9-E15743FF586D}"
EndProject
Project("{9A19103F-16F7-4668-BE54-9A1E7A4F7556}") = "Talking.ApiV2", "api-v2\Talking.ApiV2.csproj", "{5787C4FA-CE40-40F4-B050-9E46EEBCC835}"
EndProject
Project("{FAE04EC0-301F-11D3-BF4B-00C04F79EFBC}") = "Talking.Domain", "domain\Talking.Domain.csproj", "{21E8A9ED-F748-4AF5-A1AB-85C71192DC9B}"
EndProject
Global
	GlobalSection(SolutionConfigurationPlatforms) = preSolution
		Debug|Any CPU = Debug|Any CPU
		Debug|x64 = Debug|x64
		Debug|x86 = Debug|x86
		Release|Any CPU = Release|Any CPU
		Release|x64 = Release|x64
		Release|x86 = Release|x86
	EndGlobalSection
	GlobalSection(ProjectConfigurationPlatforms) = postSolution
		{29F9821E-828D-4BD3-ADC9-E15743FF586D}.Debug|Any CPU.ActiveCfg = Debug|Any CPU
		{29F9821E-828D-4BD3-ADC9-E15743FF586D}.Debug|Any CPU.Build.0 = Debug|Any CPU
		{29F9821E-828D-4BD3-ADC9-E15743FF586D}.Debug|x64.ActiveCfg = Debug|Any CPU
		{29F9821E-828D-4BD3-ADC9-E15743FF586D}.Debug|x64.Build.0 = Debug|Any CPU
		{29F9821E-828D-4BD3-ADC9-E15743FF586D}.Debug|x86.ActiveCfg = Debug|Any CPU
		{29F9821E-828D-4BD3-ADC9-E15743FF586D}.Debug|x86.Build.0 = Debug|Any CPU
		{29F9821E-828D-4BD3-ADC9-E15743FF586D}.Release|Any CPU.ActiveCfg = Release|Any CPU
		{29F9821E-828D-4BD3-ADC9-E15743FF586D}.Release|Any CPU.Build.0 = Release|Any CPU
		{29F9821E-828D-4BD3-ADC9-E15743FF586D}.Release|x64.ActiveCfg = Release|Any CPU
		{29F9821E-828D-4BD3-ADC9-E15743FF586D}.Release|x64.Build.0 = Release|Any CPU
		{29F9821E-828D-4BD3-ADC9-E15743FF586D}.Release|x86.ActiveCfg = Release|Any CPU
		{29F9821E-828D-4BD3-ADC9-E15743FF586D}.Release|x86.Build.0 = Release|Any CPU
		{5787C4FA-CE40-40F4-B050-9E46EEBCC835}.Debug|Any CPU.ActiveCfg = Debug|Any CPU
		{5787C4FA-CE40-40F4-B050-9E46EEBCC835}.Debug|Any CPU.Build.0 = Debug|Any CPU
		{5787C4FA-CE40-40F4-B050-9E46EEBCC835}.Debug|x64.ActiveCfg = Debug|Any CPU
		{5787C4FA-CE40-40F4-B050-9E46EEBCC835}.Debug|x64.Build.0 = Debug|Any CPU
		{5787C4FA-CE40-40F4-B050-9E46EEBCC835}.Debug|x86.ActiveCfg = Debug|Any CPU
		{5787C4FA-CE40-40F4-B050-9E46EEBCC835}.Debug|x86.Build.0 = Debug|Any CPU
		{5787C4FA-CE40-40F4-B050-9E46EEBCC835}.Release|Any CPU.ActiveCfg = Release|Any CPU
		{5787C4FA-CE40-40F4-B050-9E46EEBCC835}.Release|Any CPU.Build.0 = Release|Any CPU
		{5787C4FA-CE40-40F4-B050-9E46EEBCC835}.Release|x64.ActiveCfg = Release|Any CPU
		{5787C4FA-CE40-40F4-B050-9E46EEBCC835}.Release|x64.Build.0 = Release|Any CPU
		{5787C4FA-CE40-40F4-B050-9E46EEBCC835}.Release|x86.ActiveCfg = Release|Any CPU
		{5787C4FA-CE40-40F4-B050-9E46EEBCC835}.Release|x86.Build.0 = Release|Any CPU
		{21E8A9ED-F748-4AF5-A1AB-85C71192DC9B}.Debug|Any CPU.ActiveCfg = Debug|Any CPU
		{21E8A9ED-F748-4AF5-A1AB-85C71192DC9B}.Debug|Any CPU.Build.0 = Debug|Any CPU
		{21E8A9ED-F748-4AF5-A1AB-85C71192DC9B}.Debug|x64.ActiveCfg = Debug|Any CPU
		{21E8A9ED-F748-4AF5-A1AB-85C71192DC9B}.Debug|x64.Build.0 = Debug|Any CPU
		{21E8A9ED-F748-4AF5-A1AB-85C71192DC9B}.Debug|x86.ActiveCfg = Debug|Any CPU
		{21E8A9ED-F748-4AF5-A1AB-85C71192DC9B}.Debug|x86.Build.0 = Debug|Any CPU
		{21E8A9ED-F748-4AF5-A1AB-85C71192DC9B}.Release|Any CPU.ActiveCfg = Release|Any CPU
		{21E8A9ED-F748-4AF5-A1AB-85C71192DC9B}.Release|Any CPU.Build.0 = Release|Any CPU
		{21E8A9ED-F748-4AF5-A1AB-85C71192DC9B}.Release|x64.ActiveCfg = Release|Any CPU
		{21E8A9ED-F748-4AF5-A1AB-85C71192DC9B}.Release|x64.Build.0 = Release|Any CPU
		{21E8A9ED-F748-4AF5-A1AB-85C71192DC9B}.Release|x86.ActiveCfg = Release|Any CPU
		{21E8A9ED-F748-4AF5-A1AB-85C71192DC9B}.Release|x86.Build.0 = Release|Any CPU
	EndGlobalSection
	GlobalSection(SolutionProperties) = preSolution
		HideSolutionNode = FALSE
	EndGlobalSection
	GlobalSection(ExtensibilityGlobals) = postSolution
		SolutionGuid = {01AADCFF-659A-4608-B872-7DC25191288B}
	EndGlobalSection
EndGlobal
